
Microsoft Visual Studio Solution File, Format Version 12.00
# Visual Studio Version 17
VisualStudioVersion = 17.13.35825.156 d17.13
MinimumVisualStudioVersion = 10.0.40219.1
Project("{FAE04EC0-301F-11D3-BF4B-00C04F79EFBC}") = "CatiaHoleAutomation", "CatiaHoleAutomation.csproj", "{B0F86B42-7E23-4C92-B506-1800151AB6B9}"
EndProject
Global
	GlobalSection(SolutionConfigurationPlatforms) = preSolution
		Debug|Any CPU = Debug|Any CPU
		Release|Any CPU = Release|Any CPU
	EndGlobalSection
	GlobalSection(ProjectConfigurationPlatforms) = postSolution
		{B0F86B42-7E23-4C92-B506-1800151AB6B9}.Debug|Any CPU.ActiveCfg = Debug|Any CPU
		{B0F86B42-7E23-4C92-B506-1800151AB6B9}.Debug|Any CPU.Build.0 = Debug|Any CPU
		{B0F86B42-7E23-4C92-B506-1800151AB6B9}.Release|Any CPU.ActiveCfg = Release|Any CPU
		{B0F86B42-7E23-4C92-B506-1800151AB6B9}.Release|Any CPU.Build.0 = Release|Any CPU
	EndGlobalSection
	GlobalSection(SolutionProperties) = preSolution
		HideSolutionNode = FALSE
	EndGlobalSection
	GlobalSection(ExtensibilityGlobals) = postSolution
		SolutionGuid = {15F88843-7958-4367-8390-02FBE0F36B12}
	EndGlobalSection
EndGlobal
